
Microsoft Visual Studio Solution File, Format Version 12.00
# Visual Studio Version 17
VisualStudioVersion = 17.3.32929.385
MinimumVisualStudioVersion = 10.0.40219.1
Project("{9A19103F-16F7-4668-BE54-9A1E7A4F7556}") = "UsuariosApi", "UsuariosApi\UsuariosApi.csproj", "{421E23FF-726E-4B70-BFD6-8523B8645BE0}"
EndProject
Project("{9A19103F-16F7-4668-BE54-9A1E7A4F7556}") = "FilmesApi", "..\FilmesApi\FilmesApi.csproj", "{8FEE378C-B630-40F2-8638-7E095A3A772C}"
EndProject
Global
	GlobalSection(SolutionConfigurationPlatforms) = preSolution
		Debug|Any CPU = Debug|Any CPU
		Release|Any CPU = Release|Any CPU
	EndGlobalSection
	GlobalSection(ProjectConfigurationPlatforms) = postSolution
		{421E23FF-726E-4B70-BFD6-8523B8645BE0}.Debug|Any CPU.ActiveCfg = Debug|Any CPU
		{421E23FF-726E-4B70-BFD6-8523B8645BE0}.Debug|Any CPU.Build.0 = Debug|Any CPU
		{421E23FF-726E-4B70-BFD6-8523B8645BE0}.Release|Any CPU.ActiveCfg = Release|Any CPU
		{421E23FF-726E-4B70-BFD6-8523B8645BE0}.Release|Any CPU.Build.0 = Release|Any CPU
		{8FEE378C-B630-40F2-8638-7E095A3A772C}.Debug|Any CPU.ActiveCfg = Debug|Any CPU
		{8FEE378C-B630-40F2-8638-7E095A3A772C}.Debug|Any CPU.Build.0 = Debug|Any CPU
		{8FEE378C-B630-40F2-8638-7E095A3A772C}.Release|Any CPU.ActiveCfg = Release|Any CPU
		{8FEE378C-B630-40F2-8638-7E095A3A772C}.Release|Any CPU.Build.0 = Release|Any CPU
	EndGlobalSection
	GlobalSection(SolutionProperties) = preSolution
		HideSolutionNode = FALSE
	EndGlobalSection
	GlobalSection(ExtensibilityGlobals) = postSolution
		SolutionGuid = {909DB7F9-789A-43C5-9EE4-A23401C8D747}
	EndGlobalSection
EndGlobal
